
Microsoft Visual Studio Solution File, Format Version 12.00
# Visual Studio Version 17
VisualStudioVersion = 17.4.33205.214
MinimumVisualStudioVersion = 10.0.40219.1
Project("{FAE04EC0-301F-11D3-BF4B-00C04F79EFBC}") = "EmployeeWageProgram260", "EmployeeWageProgram260\EmployeeWageProgram260.csproj", "{9304160D-9ABB-4C46-931D-33B368AE96E1}"
EndProject
Global
	GlobalSection(SolutionConfigurationPlatforms) = preSolution
		Debug|Any CPU = Debug|Any CPU
		Release|Any CPU = Release|Any CPU
	EndGlobalSection
	GlobalSection(ProjectConfigurationPlatforms) = postSolution
		{9304160D-9ABB-4C46-931D-33B368AE96E1}.Debug|Any CPU.ActiveCfg = Debug|Any CPU
		{9304160D-9ABB-4C46-931D-33B368AE96E1}.Debug|Any CPU.Build.0 = Debug|Any CPU
		{9304160D-9ABB-4C46-931D-33B368AE96E1}.Release|Any CPU.ActiveCfg = Release|Any CPU
		{9304160D-9ABB-4C46-931D-33B368AE96E1}.Release|Any CPU.Build.0 = Release|Any CPU
	EndGlobalSection
	GlobalSection(SolutionProperties) = preSolution
		HideSolutionNode = FALSE
	EndGlobalSection
	GlobalSection(ExtensibilityGlobals) = postSolution
		SolutionGuid = {54AB4926-D92A-4C8B-9D1B-598E61749BC3}
	EndGlobalSection
EndGlobal
